// !$*UTF8*$!
{
	archiveVersion = 1;
	classes = {
	};
	objectVersion = 50;
	objects = {

/* Begin PBXBuildFile section */
		EF54A0F5218388E900772089 /* main.cpp in Sources */ = {isa = PBXBuildFile; fileRef = EF54A0F4218388E900772089 /* main.cpp */; };
/* End PBXBuildFile section */

/* Begin PBXCopyFilesBuildPhase section */
		EF54A0EF218388E900772089 /* CopyFiles */ = {
			isa = PBXCopyFilesBuildPhase;
			buildActionMask = 2147483647;
			dstPath = /usr/share/man/man1/;
			dstSubfolderSpec = 0;
			files = (
			);
			runOnlyForDeploymentPostprocessing = 1;
		};
/* End PBXCopyFilesBuildPhase section */

/* Begin PBXFileReference section */
		EF0E482F219AA32A00023F6F /* B_P2_a2.csv */ = {isa = PBXFileReference; lastKnownFileType = text; path = B_P2_a2.csv; sourceTree = "<group>"; };
		EF0E4830219AA32A00023F6F /* B_P2_a3.csv */ = {isa = PBXFileReference; lastKnownFileType = text; path = B_P2_a3.csv; sourceTree = "<group>"; };
		EF0E4831219AA32A00023F6F /* B_P2_a1.csv */ = {isa = PBXFileReference; lastKnownFileType = text; path = B_P2_a1.csv; sourceTree = "<group>"; };
		EF0E4832219AA32A00023F6F /* domain.csv */ = {isa = PBXFileReference; lastKnownFileType = text; path = domain.csv; sourceTree = "<group>"; };
		EF54A0F1218388E900772089 /* CE507_Coding2 */ = {isa = PBXFileReference; explicitFileType = "compiled.mach-o.executable"; includeInIndex = 0; path = CE507_Coding2; sourceTree = BUILT_PRODUCTS_DIR; };
		EF54A0F4218388E900772089 /* main.cpp */ = {isa = PBXFileReference; lastKnownFileType = sourcecode.cpp.cpp; path = main.cpp; sourceTree = "<group>"; };
		EF54A0FB2183890800772089 /* Domain1D.h */ = {isa = PBXFileReference; lastKnownFileType = sourcecode.c.h; path = Domain1D.h; sourceTree = "<group>"; };
		EFE094F4218A1AC000AF22E1 /* BSpline.h */ = {isa = PBXFileReference; lastKnownFileType = sourcecode.c.h; path = BSpline.h; sourceTree = "<group>"; };
		EFE094F5218A1BA600AF22E1 /* FE1D.h */ = {isa = PBXFileReference; lastKnownFileType = sourcecode.c.h; path = FE1D.h; sourceTree = "<group>"; };
		EFE84DDA219D2A8900B88E6A /* DBSpline.h */ = {isa = PBXFileReference; lastKnownFileType = sourcecode.c.h; path = DBSpline.h; sourceTree = "<group>"; };
/* End PBXFileReference section */

/* Begin PBXFrameworksBuildPhase section */
		EF54A0EE218388E900772089 /* Frameworks */ = {
			isa = PBXFrameworksBuildPhase;
			buildActionMask = 2147483647;
			files = (
			);
			runOnlyForDeploymentPostprocessing = 0;
		};
/* End PBXFrameworksBuildPhase section */

/* Begin PBXGroup section */
		EF0E4833219AA32A00023F6F /* outputs */ = {
			isa = PBXGroup;
			children = (
				EF0E482F219AA32A00023F6F /* B_P2_a2.csv */,
				EF0E4830219AA32A00023F6F /* B_P2_a3.csv */,
				EF0E4831219AA32A00023F6F /* B_P2_a1.csv */,
				EF0E4832219AA32A00023F6F /* domain.csv */,
			);
			name = outputs;
			path = "/Users/Damyn/Documents/BYU/BYU Fall 2018/CE 507/CE507_Coding2/CE507_Coding2/outputs";
			sourceTree = "<absolute>";
		};
		EF54A0E8218388E900772089 = {
			isa = PBXGroup;
			children = (
				EF0E4833219AA32A00023F6F /* outputs */,
				EF54A0F3218388E900772089 /* CE507_Coding2 */,
				EF54A0F2218388E900772089 /* Products */,
			);
			sourceTree = "<group>";
		};
		EF54A0F2218388E900772089 /* Products */ = {
			isa = PBXGroup;
			children = (
				EF54A0F1218388E900772089 /* CE507_Coding2 */,
			);
			name = Products;
			sourceTree = "<group>";
		};
		EF54A0F3218388E900772089 /* CE507_Coding2 */ = {
			isa = PBXGroup;
			children = (
				EF54A0F4218388E900772089 /* main.cpp */,
				EF54A0FB2183890800772089 /* Domain1D.h */,
				EFE094F4218A1AC000AF22E1 /* BSpline.h */,
				EFE84DDA219D2A8900B88E6A /* DBSpline.h */,
				EFE094F5218A1BA600AF22E1 /* FE1D.h */,
			);
			path = CE507_Coding2;
			sourceTree = "<group>";
		};
/* End PBXGroup section */

/* Begin PBXNativeTarget section */
		EF54A0F0218388E900772089 /* CE507_Coding2 */ = {
			isa = PBXNativeTarget;
			buildConfigurationList = EF54A0F8218388E900772089 /* Build configuration list for PBXNativeTarget "CE507_Coding2" */;
			buildPhases = (
				EF54A0ED218388E900772089 /* Sources */,
				EF54A0EE218388E900772089 /* Frameworks */,
				EF54A0EF218388E900772089 /* CopyFiles */,
			);
			buildRules = (
			);
			dependencies = (
			);
			name = CE507_Coding2;
			productName = CE507_Coding2;
			productReference = EF54A0F1218388E900772089 /* CE507_Coding2 */;
			productType = "com.apple.product-type.tool";
		};
/* End PBXNativeTarget section */

/* Begin PBXProject section */
		EF54A0E9218388E900772089 /* Project object */ = {
			isa = PBXProject;
			attributes = {
				LastUpgradeCheck = 1000;
				ORGANIZATIONNAME = "Damyn Chipman";
				TargetAttributes = {
					EF54A0F0218388E900772089 = {
						CreatedOnToolsVersion = 10.0;
					};
				};
			};
			buildConfigurationList = EF54A0EC218388E900772089 /* Build configuration list for PBXProject "CE507_Coding2" */;
			compatibilityVersion = "Xcode 9.3";
			developmentRegion = en;
			hasScannedForEncodings = 0;
			knownRegions = (
				en,
			);
			mainGroup = EF54A0E8218388E900772089;
			productRefGroup = EF54A0F2218388E900772089 /* Products */;
			projectDirPath = "";
			projectRoot = "";
			targets = (
				EF54A0F0218388E900772089 /* CE507_Coding2 */,
			);
		};
/* End PBXProject section */

/* Begin PBXSourcesBuildPhase section */
		EF54A0ED218388E900772089 /* Sources */ = {
			isa = PBXSourcesBuildPhase;
			buildActionMask = 2147483647;
			files = (
				EF54A0F5218388E900772089 /* main.cpp in Sources */,
			);
			runOnlyForDeploymentPostprocessing = 0;
		};
/* End PBXSourcesBuildPhase section */

/* Begin XCBuildConfiguration section */
		EF54A0F6218388E900772089 /* Debug */ = {
			isa = XCBuildConfiguration;
			buildSettings = {
				ALWAYS_SEARCH_USER_PATHS = NO;
				CLANG_ANALYZER_NONNULL = YES;
				CLANG_ANALYZER_NUMBER_OBJECT_CONVERSION = YES_AGGRESSIVE;
				CLANG_CXX_LANGUAGE_STANDARD = "gnu++14";
				CLANG_CXX_LIBRARY = "libc++";
				CLANG_ENABLE_MODULES = YES;
				CLANG_ENABLE_OBJC_ARC = YES;
				CLANG_ENABLE_OBJC_WEAK = YES;
				CLANG_WARN_BLOCK_CAPTURE_AUTORELEASING = YES;
				CLANG_WARN_BOOL_CONVERSION = YES;
				CLANG_WARN_COMMA = YES;
				CLANG_WARN_CONSTANT_CONVERSION = YES;
				CLANG_WARN_DEPRECATED_OBJC_IMPLEMENTATIONS = YES;
				CLANG_WARN_DIRECT_OBJC_ISA_USAGE = YES_ERROR;
				CLANG_WARN_DOCUMENTATION_COMMENTS = YES;
				CLANG_WARN_EMPTY_BODY = YES;
				CLANG_WARN_ENUM_CONVERSION = YES;
				CLANG_WARN_INFINITE_RECURSION = YES;
				CLANG_WARN_INT_CONVERSION = YES;
				CLANG_WARN_NON_LITERAL_NULL_CONVERSION = YES;
				CLANG_WARN_OBJC_IMPLICIT_RETAIN_SELF = YES;
				CLANG_WARN_OBJC_LITERAL_CONVERSION = YES;
				CLANG_WARN_OBJC_ROOT_CLASS = YES_ERROR;
				CLANG_WARN_RANGE_LOOP_ANALYSIS = YES;
				CLANG_WARN_STRICT_PROTOTYPES = YES;
				CLANG_WARN_SUSPICIOUS_MOVE = YES;
				CLANG_WARN_UNGUARDED_AVAILABILITY = YES_AGGRESSIVE;
				CLANG_WARN_UNREACHABLE_CODE = YES;
				CLANG_WARN__DUPLICATE_METHOD_MATCH = YES;
				CODE_SIGN_IDENTITY = "Mac Developer";
				COPY_PHASE_STRIP = NO;
				DEBUG_INFORMATION_FORMAT = dwarf;
				ENABLE_STRICT_OBJC_MSGSEND = YES;
				ENABLE_TESTABILITY = YES;
				GCC_C_LANGUAGE_STANDARD = gnu11;
				GCC_DYNAMIC_NO_PIC = NO;
				GCC_NO_COMMON_BLOCKS = YES;
				GCC_OPTIMIZATION_LEVEL = 0;
				GCC_PREPROCESSOR_DEFINITIONS = (
					"DEBUG=1",
					"$(inherited)",
				);
				GCC_WARN_64_TO_32_BIT_CONVERSION = YES;
				GCC_WARN_ABOUT_RETURN_TYPE = YES_ERROR;
				GCC_WARN_UNDECLARED_SELECTOR = YES;
				GCC_WARN_UNINITIALIZED_AUTOS = YES_AGGRESSIVE;
				GCC_WARN_UNUSED_FUNCTION = YES;
				GCC_WARN_UNUSED_VARIABLE = YES;
				MACOSX_DEPLOYMENT_TARGET = 10.14;
				MTL_ENABLE_DEBUG_INFO = INCLUDE_SOURCE;
				MTL_FAST_MATH = YES;
				ONLY_ACTIVE_ARCH = YES;
				SDKROOT = macosx;
			};
			name = Debug;
		};
		EF54A0F7218388E900772089 /* Release */ = {
			isa = XCBuildConfiguration;
			buildSettings = {
				ALWAYS_SEARCH_USER_PATHS = NO;
				CLANG_ANALYZER_NONNULL = YES;
				CLANG_ANALYZER_NUMBER_OBJECT_CONVERSION = YES_AGGRESSIVE;
				CLANG_CXX_LANGUAGE_STANDARD = "gnu++14";
				CLANG_CXX_LIBRARY = "libc++";
				CLANG_ENABLE_MODULES = YES;
				CLANG_ENABLE_OBJC_ARC = YES;
				CLANG_ENABLE_OBJC_WEAK = YES;
				CLANG_WARN_BLOCK_CAPTURE_AUTORELEASING = YES;
				CLANG_WARN_BOOL_CONVERSION = YES;
				CLANG_WARN_COMMA = YES;
				CLANG_WARN_CONSTANT_CONVERSION = YES;
				CLANG_WARN_DEPRECATED_OBJC_IMPLEMENTATIONS = YES;
				CLANG_WARN_DIRECT_OBJC_ISA_USAGE = YES_ERROR;
				CLANG_WARN_DOCUMENTATION_COMMENTS = YES;
				CLANG_WARN_EMPTY_BODY = YES;
				CLANG_WARN_ENUM_CONVERSION = YES;
				CLANG_WARN_INFINITE_RECURSION = YES;
				CLANG_WARN_INT_CONVERSION = YES;
				CLANG_WARN_NON_LITERAL_NULL_CONVERSION = YES;
				CLANG_WARN_OBJC_IMPLICIT_RETAIN_SELF = YES;
				CLANG_WARN_OBJC_LITERAL_CONVERSION = YES;
				CLANG_WARN_OBJC_ROOT_CLASS = YES_ERROR;
				CLANG_WARN_RANGE_LOOP_ANALYSIS = YES;
				CLANG_WARN_STRICT_PROTOTYPES = YES;
				CLANG_WARN_SUSPICIOUS_MOVE = YES;
				CLANG_WARN_UNGUARDED_AVAILABILITY = YES_AGGRESSIVE;
				CLANG_WARN_UNREACHABLE_CODE = YES;
				CLANG_WARN__DUPLICATE_METHOD_MATCH = YES;
				CODE_SIGN_IDENTITY = "Mac Developer";
				COPY_PHASE_STRIP = NO;
				DEBUG_INFORMATION_FORMAT = "dwarf-with-dsym";
				ENABLE_NS_ASSERTIONS = NO;
				ENABLE_STRICT_OBJC_MSGSEND = YES;
				GCC_C_LANGUAGE_STANDARD = gnu11;
				GCC_NO_COMMON_BLOCKS = YES;
				GCC_WARN_64_TO_32_BIT_CONVERSION = YES;
				GCC_WARN_ABOUT_RETURN_TYPE = YES_ERROR;
				GCC_WARN_UNDECLARED_SELECTOR = YES;
				GCC_WARN_UNINITIALIZED_AUTOS = YES_AGGRESSIVE;
				GCC_WARN_UNUSED_FUNCTION = YES;
				GCC_WARN_UNUSED_VARIABLE = YES;
				MACOSX_DEPLOYMENT_TARGET = 10.14;
				MTL_ENABLE_DEBUG_INFO = NO;
				MTL_FAST_MATH = YES;
				SDKROOT = macosx;
			};
			name = Release;
		};
		EF54A0F9218388E900772089 /* Debug */ = {
			isa = XCBuildConfiguration;
			buildSettings = {
				CODE_SIGN_STYLE = Automatic;
				DEVELOPMENT_TEAM = G4A72N8YNY;
				HEADER_SEARCH_PATHS = /usr/local/include/eigen3;
				OTHER_CPLUSPLUSFLAGS = (
					"-I</usr/local/Cellar/eigen/3.3.5>",
					"$(OTHER_CFLAGS)",
				);
				PRODUCT_NAME = "$(TARGET_NAME)";
			};
			name = Debug;
		};
		EF54A0FA218388E900772089 /* Release */ = {
			isa = XCBuildConfiguration;
			buildSettings = {
				CODE_SIGN_STYLE = Automatic;
				DEVELOPMENT_TEAM = G4A72N8YNY;
				HEADER_SEARCH_PATHS = /usr/local/include/eigen3;
				OTHER_CPLUSPLUSFLAGS = (
					"-I</usr/local/Cellar/eigen/3.3.5>",
					"$(OTHER_CFLAGS)",
				);
				PRODUCT_NAME = "$(TARGET_NAME)";
			};
			name = Release;
		};
/* End XCBuildConfiguration section */

/* Begin XCConfigurationList section */
		EF54A0EC218388E900772089 /* Build configuration list for PBXProject "CE507_Coding2" */ = {
			isa = XCConfigurationList;
			buildConfigurations = (
				EF54A0F6218388E900772089 /* Debug */,
				EF54A0F7218388E900772089 /* Release */,
			);
			defaultConfigurationIsVisible = 0;
			defaultConfigurationName = Release;
		};
		EF54A0F8218388E900772089 /* Build configuration list for PBXNativeTarget "CE507_Coding2" */ = {
			isa = XCConfigurationList;
			buildConfigurations = (
				EF54A0F9218388E900772089 /* Debug */,
				EF54A0FA218388E900772089 /* Release */,
			);
			defaultConfigurationIsVisible = 0;
			defaultConfigurationName = Release;
		};
/* End XCConfigurationList section */
	};
	rootObject = EF54A0E9218388E900772089 /* Project object */;
}
